
Microsoft Visual Studio Solution File, Format Version 12.00
# Visual Studio 2012
Project("{FAE04EC0-301F-11D3-BF4B-00C04F79EFBC}") = "hello_console", "hello_console\hello_console.csproj", "{01089067-1FA5-4B34-80B2-63CF99CB4053}"
EndProject
Global
	GlobalSection(SolutionConfigurationPlatforms) = preSolution
		Debug|Any CPU = Debug|Any CPU
		Release|Any CPU = Release|Any CPU
	EndGlobalSection
	GlobalSection(ProjectConfigurationPlatforms) = postSolution
		{01089067-1FA5-4B34-80B2-63CF99CB4053}.Debug|Any CPU.ActiveCfg = Debug|Any CPU
		{01089067-1FA5-4B34-80B2-63CF99CB4053}.Debug|Any CPU.Build.0 = Debug|Any CPU
		{01089067-1FA5-4B34-80B2-63CF99CB4053}.Release|Any CPU.ActiveCfg = Release|Any CPU
		{01089067-1FA5-4B34-80B2-63CF99CB4053}.Release|Any CPU.Build.0 = Release|Any CPU
	EndGlobalSection
EndGlobal
