
Microsoft Visual Studio Solution File, Format Version 12.00
# Visual Studio 2017
Project("{FAE04EC0-301F-11D3-BF4B-00C04F79EFBC}") = "hello_console", "hello_console.csproj", "{7769261C-9D4E-468D-B645-9EFC52BF3C6A}"
EndProject
Global
	GlobalSection(SolutionConfigurationPlatforms) = preSolution
		Debug|Any CPU = Debug|Any CPU
		Release|Any CPU = Release|Any CPU
	EndGlobalSection
	GlobalSection(ProjectConfigurationPlatforms) = postSolution
		{7769261C-9D4E-468D-B645-9EFC52BF3C6A}.Debug|Any CPU.ActiveCfg = Debug|Any CPU
		{7769261C-9D4E-468D-B645-9EFC52BF3C6A}.Debug|Any CPU.Build.0 = Debug|Any CPU
		{7769261C-9D4E-468D-B645-9EFC52BF3C6A}.Release|Any CPU.ActiveCfg = Release|Any CPU
		{7769261C-9D4E-468D-B645-9EFC52BF3C6A}.Release|Any CPU.Build.0 = Release|Any CPU
	EndGlobalSection
EndGlobal
